<Solution>
  <Project Path="Maintenance-management.api/Maintenance-management.api.csproj" />
  <Project Path="Maintenance-management.application/Maintenance-management.application.csproj" />
  <Project Path="Maintenance-management.domain/Maintenance-management.domain.csproj" />
  <Project Path="Maintenance-management.infrastructure/Maintenance-management.infrastructure.csproj" />
</Solution>

